
Microsoft Visual Studio Solution File, Format Version 12.00
# Visual Studio Version 17
VisualStudioVersion = 17.9.34616.47
MinimumVisualStudioVersion = 10.0.40219.1
Project("{9A19103F-16F7-4668-BE54-9A1E7A4F7556}") = "Recepie World", "Recepie World.csproj", "{46354A2B-3B61-4061-BA61-C7DFE101ECDB}"
EndProject
Project("{2150E333-8FDC-42A3-9474-1A3956D46DE8}") = "1-API", "1-API", "{F5AFA007-CC59-4E8E-9039-5AD6D8957A3C}"
EndProject
Project("{2150E333-8FDC-42A3-9474-1A3956D46DE8}") = "2-Services", "2-Services", "{9E934CB1-4D89-439B-B6BD-999CB9B96066}"
EndProject
Project("{2150E333-8FDC-42A3-9474-1A3956D46DE8}") = "3-Domain", "3-Domain", "{189C9EAE-D589-4068-A2F7-FDCEEB12C9BA}"
EndProject
Project("{2150E333-8FDC-42A3-9474-1A3956D46DE8}") = "4-Repositories", "4-Repositories", "{F0457050-6C41-4B14-99B6-5D0598F3A5CF}"
EndProject
Project("{2150E333-8FDC-42A3-9474-1A3956D46DE8}") = "5-Data", "5-Data", "{BF217C68-4DE6-4A0C-AB64-2F9BC6A9E488}"
EndProject
Project("{2150E333-8FDC-42A3-9474-1A3956D46DE8}") = "6-ConsoleTest", "6-ConsoleTest", "{B5A1B27F-C2AF-4EFF-89A0-9E36A98FCA48}"
EndProject
Project("{9A19103F-16F7-4668-BE54-9A1E7A4F7556}") = "RecipeWorld.Domain", "..\RecepieWorld.Domain\RecipeWorld.Domain.csproj", "{FF27227C-4F74-494E-A7EF-E0560F585737}"
EndProject
Project("{FAE04EC0-301F-11D3-BF4B-00C04F79EFBC}") = "RecepieWorldAPI.Data", "..\RecepieWorldAPI.Data\RecepieWorldAPI.Data.csproj", "{6AA337FB-F04C-4AAA-9C50-83B6950F11F9}"
	ProjectSection(ProjectDependencies) = postProject
		{46354A2B-3B61-4061-BA61-C7DFE101ECDB} = {46354A2B-3B61-4061-BA61-C7DFE101ECDB}
		{FF27227C-4F74-494E-A7EF-E0560F585737} = {FF27227C-4F74-494E-A7EF-E0560F585737}
	EndProjectSection
EndProject
Global
	GlobalSection(SolutionConfigurationPlatforms) = preSolution
		Debug|Any CPU = Debug|Any CPU
		Release|Any CPU = Release|Any CPU
	EndGlobalSection
	GlobalSection(ProjectConfigurationPlatforms) = postSolution
		{46354A2B-3B61-4061-BA61-C7DFE101ECDB}.Debug|Any CPU.ActiveCfg = Debug|Any CPU
		{46354A2B-3B61-4061-BA61-C7DFE101ECDB}.Debug|Any CPU.Build.0 = Debug|Any CPU
		{46354A2B-3B61-4061-BA61-C7DFE101ECDB}.Release|Any CPU.ActiveCfg = Release|Any CPU
		{46354A2B-3B61-4061-BA61-C7DFE101ECDB}.Release|Any CPU.Build.0 = Release|Any CPU
		{FF27227C-4F74-494E-A7EF-E0560F585737}.Debug|Any CPU.ActiveCfg = Debug|Any CPU
		{FF27227C-4F74-494E-A7EF-E0560F585737}.Debug|Any CPU.Build.0 = Debug|Any CPU
		{FF27227C-4F74-494E-A7EF-E0560F585737}.Release|Any CPU.ActiveCfg = Release|Any CPU
		{FF27227C-4F74-494E-A7EF-E0560F585737}.Release|Any CPU.Build.0 = Release|Any CPU
		{6AA337FB-F04C-4AAA-9C50-83B6950F11F9}.Debug|Any CPU.ActiveCfg = Debug|Any CPU
		{6AA337FB-F04C-4AAA-9C50-83B6950F11F9}.Debug|Any CPU.Build.0 = Debug|Any CPU
		{6AA337FB-F04C-4AAA-9C50-83B6950F11F9}.Release|Any CPU.ActiveCfg = Release|Any CPU
		{6AA337FB-F04C-4AAA-9C50-83B6950F11F9}.Release|Any CPU.Build.0 = Release|Any CPU
	EndGlobalSection
	GlobalSection(SolutionProperties) = preSolution
		HideSolutionNode = FALSE
	EndGlobalSection
	GlobalSection(NestedProjects) = preSolution
		{46354A2B-3B61-4061-BA61-C7DFE101ECDB} = {F5AFA007-CC59-4E8E-9039-5AD6D8957A3C}
		{FF27227C-4F74-494E-A7EF-E0560F585737} = {189C9EAE-D589-4068-A2F7-FDCEEB12C9BA}
		{6AA337FB-F04C-4AAA-9C50-83B6950F11F9} = {BF217C68-4DE6-4A0C-AB64-2F9BC6A9E488}
	EndGlobalSection
	GlobalSection(ExtensibilityGlobals) = postSolution
		SolutionGuid = {97D1B286-4BE6-496D-9312-16469F65AE0F}
	EndGlobalSection
EndGlobal
